
Microsoft Visual Studio Solution File, Format Version 12.00
# Visual Studio Version 16
VisualStudioVersion = 16.0.31424.327
MinimumVisualStudioVersion = 10.0.40219.1
Project("{9A19103F-16F7-4668-BE54-9A1E7A4F7556}") = "APICrawler", "APICrawler.csproj", "{F4D0D8C2-1ECC-48D3-8230-9C7DAFD19F0C}"
EndProject
Project("{9A19103F-16F7-4668-BE54-9A1E7A4F7556}") = "APICrawler.Api", "..\OpenAPIClient\src\APICrawler.Api\APICrawler.Api.csproj", "{A8F3DCCA-42EF-4FBE-B8B1-C81BADDCD83A}"
EndProject
Project("{9A19103F-16F7-4668-BE54-9A1E7A4F7556}") = "APICrawler.Api.Test", "..\OpenAPIClient\src\APICrawler.Api.Test\APICrawler.Api.Test.csproj", "{01F05D9F-A1DE-4969-B5AB-908E32CC7522}"
EndProject
Global
	GlobalSection(SolutionConfigurationPlatforms) = preSolution
		Debug|Any CPU = Debug|Any CPU
		Release|Any CPU = Release|Any CPU
	EndGlobalSection
	GlobalSection(ProjectConfigurationPlatforms) = postSolution
		{F4D0D8C2-1ECC-48D3-8230-9C7DAFD19F0C}.Debug|Any CPU.ActiveCfg = Debug|Any CPU
		{F4D0D8C2-1ECC-48D3-8230-9C7DAFD19F0C}.Debug|Any CPU.Build.0 = Debug|Any CPU
		{F4D0D8C2-1ECC-48D3-8230-9C7DAFD19F0C}.Release|Any CPU.ActiveCfg = Release|Any CPU
		{F4D0D8C2-1ECC-48D3-8230-9C7DAFD19F0C}.Release|Any CPU.Build.0 = Release|Any CPU
		{A8F3DCCA-42EF-4FBE-B8B1-C81BADDCD83A}.Debug|Any CPU.ActiveCfg = Debug|Any CPU
		{A8F3DCCA-42EF-4FBE-B8B1-C81BADDCD83A}.Debug|Any CPU.Build.0 = Debug|Any CPU
		{A8F3DCCA-42EF-4FBE-B8B1-C81BADDCD83A}.Release|Any CPU.ActiveCfg = Release|Any CPU
		{A8F3DCCA-42EF-4FBE-B8B1-C81BADDCD83A}.Release|Any CPU.Build.0 = Release|Any CPU
		{01F05D9F-A1DE-4969-B5AB-908E32CC7522}.Debug|Any CPU.ActiveCfg = Debug|Any CPU
		{01F05D9F-A1DE-4969-B5AB-908E32CC7522}.Debug|Any CPU.Build.0 = Debug|Any CPU
		{01F05D9F-A1DE-4969-B5AB-908E32CC7522}.Release|Any CPU.ActiveCfg = Release|Any CPU
		{01F05D9F-A1DE-4969-B5AB-908E32CC7522}.Release|Any CPU.Build.0 = Release|Any CPU
	EndGlobalSection
	GlobalSection(SolutionProperties) = preSolution
		HideSolutionNode = FALSE
	EndGlobalSection
	GlobalSection(ExtensibilityGlobals) = postSolution
		SolutionGuid = {3C38D51D-E9C9-456D-8015-7793237A3D63}
	EndGlobalSection
EndGlobal
